
Microsoft Visual Studio Solution File, Format Version 12.00
# Visual Studio 15
VisualStudioVersion = 15.0.28010.2036
MinimumVisualStudioVersion = 10.0.40219.1
Project("{2150E333-8FDC-42A3-9474-1A3956D46DE8}") = "src", "src", "{7F8DB986-A3A6-4C12-8AF4-26D16B80DAF2}"
EndProject
Project("{2150E333-8FDC-42A3-9474-1A3956D46DE8}") = "test", "test", "{1BCA83D2-E3B8-4826-8575-E10054E151AD}"
EndProject
Project("{FAE04EC0-301F-11D3-BF4B-00C04F79EFBC}") = "Sms.Web", "Sms.Web\Sms.Web.csproj", "{482D1359-433E-4FBD-A085-6AD40042F12E}"
EndProject
Project("{FAE04EC0-301F-11D3-BF4B-00C04F79EFBC}") = "Sms.Authentication", "Sms.Authentication\Sms.Authentication.csproj", "{41F6C63A-DBB0-4189-87E3-7DF82A22657C}"
EndProject
Project("{FAE04EC0-301F-11D3-BF4B-00C04F79EFBC}") = "Sms.Cache", "Sms.Cache\Sms.Cache.csproj", "{D9C6E034-44A6-455D-92F2-6FA506D2A821}"
EndProject
Project("{FAE04EC0-301F-11D3-BF4B-00C04F79EFBC}") = "Sms.Constants", "Sms.Constants\Sms.Constants.csproj", "{54405A01-867A-4175-8FAD-8FEF96D07BBD}"
EndProject
Project("{FAE04EC0-301F-11D3-BF4B-00C04F79EFBC}") = "Sms.Core", "Sms.Core\Sms.Core.csproj", "{AAB1CE20-FC3C-4E8B-880D-A1389DE27091}"
EndProject
Project("{FAE04EC0-301F-11D3-BF4B-00C04F79EFBC}") = "Sms.Services", "Sms.Services\Sms.Services.csproj", "{72C5E6D5-8A42-4D01-BFF8-1545948DDFA1}"
EndProject
Project("{FAE04EC0-301F-11D3-BF4B-00C04F79EFBC}") = "Sms.Utils", "Sms.Utils\Sms.Utils.csproj", "{257C09D1-7430-4503-9355-6F45F2C21688}"
EndProject
Project("{FAE04EC0-301F-11D3-BF4B-00C04F79EFBC}") = "Sms.UnitTesting", "Sms.UnitTesting\Sms.UnitTesting.csproj", "{CA61B005-25C4-4251-A95D-785BA03FDE22}"
EndProject
Project("{FAE04EC0-301F-11D3-BF4B-00C04F79EFBC}") = "Sms.IntegrationTesting", "Sms.IntegrationTesting\Sms.IntegrationTesting.csproj", "{B504B07D-9A2A-4B41-BAA6-07E7FF470054}"
EndProject
Project("{FAE04EC0-301F-11D3-BF4B-00C04F79EFBC}") = "Sms.FunctionalTesting", "Sms.FunctionalTesting\Sms.FunctionalTesting.csproj", "{0EB1422C-4537-4924-8407-5268B8F27352}"
EndProject
Project("{FAE04EC0-301F-11D3-BF4B-00C04F79EFBC}") = "Sms.Domain", "Sms.Domain\Sms.Domain.csproj", "{E04B6258-53EC-4BF0-82A2-D19D1B413951}"
EndProject
Global
	GlobalSection(SolutionConfigurationPlatforms) = preSolution
		Debug|Any CPU = Debug|Any CPU
		Release|Any CPU = Release|Any CPU
	EndGlobalSection
	GlobalSection(ProjectConfigurationPlatforms) = postSolution
		{482D1359-433E-4FBD-A085-6AD40042F12E}.Debug|Any CPU.ActiveCfg = Debug|Any CPU
		{482D1359-433E-4FBD-A085-6AD40042F12E}.Debug|Any CPU.Build.0 = Debug|Any CPU
		{482D1359-433E-4FBD-A085-6AD40042F12E}.Release|Any CPU.ActiveCfg = Release|Any CPU
		{482D1359-433E-4FBD-A085-6AD40042F12E}.Release|Any CPU.Build.0 = Release|Any CPU
		{41F6C63A-DBB0-4189-87E3-7DF82A22657C}.Debug|Any CPU.ActiveCfg = Debug|Any CPU
		{41F6C63A-DBB0-4189-87E3-7DF82A22657C}.Debug|Any CPU.Build.0 = Debug|Any CPU
		{41F6C63A-DBB0-4189-87E3-7DF82A22657C}.Release|Any CPU.ActiveCfg = Release|Any CPU
		{41F6C63A-DBB0-4189-87E3-7DF82A22657C}.Release|Any CPU.Build.0 = Release|Any CPU
		{D9C6E034-44A6-455D-92F2-6FA506D2A821}.Debug|Any CPU.ActiveCfg = Debug|Any CPU
		{D9C6E034-44A6-455D-92F2-6FA506D2A821}.Debug|Any CPU.Build.0 = Debug|Any CPU
		{D9C6E034-44A6-455D-92F2-6FA506D2A821}.Release|Any CPU.ActiveCfg = Release|Any CPU
		{D9C6E034-44A6-455D-92F2-6FA506D2A821}.Release|Any CPU.Build.0 = Release|Any CPU
		{54405A01-867A-4175-8FAD-8FEF96D07BBD}.Debug|Any CPU.ActiveCfg = Debug|Any CPU
		{54405A01-867A-4175-8FAD-8FEF96D07BBD}.Debug|Any CPU.Build.0 = Debug|Any CPU
		{54405A01-867A-4175-8FAD-8FEF96D07BBD}.Release|Any CPU.ActiveCfg = Release|Any CPU
		{54405A01-867A-4175-8FAD-8FEF96D07BBD}.Release|Any CPU.Build.0 = Release|Any CPU
		{AAB1CE20-FC3C-4E8B-880D-A1389DE27091}.Debug|Any CPU.ActiveCfg = Debug|Any CPU
		{AAB1CE20-FC3C-4E8B-880D-A1389DE27091}.Debug|Any CPU.Build.0 = Debug|Any CPU
		{AAB1CE20-FC3C-4E8B-880D-A1389DE27091}.Release|Any CPU.ActiveCfg = Release|Any CPU
		{AAB1CE20-FC3C-4E8B-880D-A1389DE27091}.Release|Any CPU.Build.0 = Release|Any CPU
		{72C5E6D5-8A42-4D01-BFF8-1545948DDFA1}.Debug|Any CPU.ActiveCfg = Debug|Any CPU
		{72C5E6D5-8A42-4D01-BFF8-1545948DDFA1}.Debug|Any CPU.Build.0 = Debug|Any CPU
		{72C5E6D5-8A42-4D01-BFF8-1545948DDFA1}.Release|Any CPU.ActiveCfg = Release|Any CPU
		{72C5E6D5-8A42-4D01-BFF8-1545948DDFA1}.Release|Any CPU.Build.0 = Release|Any CPU
		{257C09D1-7430-4503-9355-6F45F2C21688}.Debug|Any CPU.ActiveCfg = Debug|Any CPU
		{257C09D1-7430-4503-9355-6F45F2C21688}.Debug|Any CPU.Build.0 = Debug|Any CPU
		{257C09D1-7430-4503-9355-6F45F2C21688}.Release|Any CPU.ActiveCfg = Release|Any CPU
		{257C09D1-7430-4503-9355-6F45F2C21688}.Release|Any CPU.Build.0 = Release|Any CPU
		{CA61B005-25C4-4251-A95D-785BA03FDE22}.Debug|Any CPU.ActiveCfg = Debug|Any CPU
		{CA61B005-25C4-4251-A95D-785BA03FDE22}.Debug|Any CPU.Build.0 = Debug|Any CPU
		{CA61B005-25C4-4251-A95D-785BA03FDE22}.Release|Any CPU.ActiveCfg = Release|Any CPU
		{CA61B005-25C4-4251-A95D-785BA03FDE22}.Release|Any CPU.Build.0 = Release|Any CPU
		{B504B07D-9A2A-4B41-BAA6-07E7FF470054}.Debug|Any CPU.ActiveCfg = Debug|Any CPU
		{B504B07D-9A2A-4B41-BAA6-07E7FF470054}.Debug|Any CPU.Build.0 = Debug|Any CPU
		{B504B07D-9A2A-4B41-BAA6-07E7FF470054}.Release|Any CPU.ActiveCfg = Release|Any CPU
		{B504B07D-9A2A-4B41-BAA6-07E7FF470054}.Release|Any CPU.Build.0 = Release|Any CPU
		{0EB1422C-4537-4924-8407-5268B8F27352}.Debug|Any CPU.ActiveCfg = Debug|Any CPU
		{0EB1422C-4537-4924-8407-5268B8F27352}.Debug|Any CPU.Build.0 = Debug|Any CPU
		{0EB1422C-4537-4924-8407-5268B8F27352}.Release|Any CPU.ActiveCfg = Release|Any CPU
		{0EB1422C-4537-4924-8407-5268B8F27352}.Release|Any CPU.Build.0 = Release|Any CPU
		{E04B6258-53EC-4BF0-82A2-D19D1B413951}.Debug|Any CPU.ActiveCfg = Debug|Any CPU
		{E04B6258-53EC-4BF0-82A2-D19D1B413951}.Debug|Any CPU.Build.0 = Debug|Any CPU
		{E04B6258-53EC-4BF0-82A2-D19D1B413951}.Release|Any CPU.ActiveCfg = Release|Any CPU
		{E04B6258-53EC-4BF0-82A2-D19D1B413951}.Release|Any CPU.Build.0 = Release|Any CPU
	EndGlobalSection
	GlobalSection(SolutionProperties) = preSolution
		HideSolutionNode = FALSE
	EndGlobalSection
	GlobalSection(NestedProjects) = preSolution
		{482D1359-433E-4FBD-A085-6AD40042F12E} = {7F8DB986-A3A6-4C12-8AF4-26D16B80DAF2}
		{41F6C63A-DBB0-4189-87E3-7DF82A22657C} = {7F8DB986-A3A6-4C12-8AF4-26D16B80DAF2}
		{D9C6E034-44A6-455D-92F2-6FA506D2A821} = {7F8DB986-A3A6-4C12-8AF4-26D16B80DAF2}
		{54405A01-867A-4175-8FAD-8FEF96D07BBD} = {7F8DB986-A3A6-4C12-8AF4-26D16B80DAF2}
		{AAB1CE20-FC3C-4E8B-880D-A1389DE27091} = {7F8DB986-A3A6-4C12-8AF4-26D16B80DAF2}
		{72C5E6D5-8A42-4D01-BFF8-1545948DDFA1} = {7F8DB986-A3A6-4C12-8AF4-26D16B80DAF2}
		{257C09D1-7430-4503-9355-6F45F2C21688} = {7F8DB986-A3A6-4C12-8AF4-26D16B80DAF2}
		{CA61B005-25C4-4251-A95D-785BA03FDE22} = {1BCA83D2-E3B8-4826-8575-E10054E151AD}
		{B504B07D-9A2A-4B41-BAA6-07E7FF470054} = {1BCA83D2-E3B8-4826-8575-E10054E151AD}
		{0EB1422C-4537-4924-8407-5268B8F27352} = {1BCA83D2-E3B8-4826-8575-E10054E151AD}
		{E04B6258-53EC-4BF0-82A2-D19D1B413951} = {7F8DB986-A3A6-4C12-8AF4-26D16B80DAF2}
	EndGlobalSection
	GlobalSection(ExtensibilityGlobals) = postSolution
		SolutionGuid = {A2BBEBEC-EE88-4A21-8069-A5AFB321C60D}
	EndGlobalSection
EndGlobal
